
Microsoft Visual Studio Solution File, Format Version 12.00
# Visual Studio Version 17
VisualStudioVersion = 17.3.32811.315
MinimumVisualStudioVersion = 10.0.40219.1
Project("{FAE04EC0-301F-11D3-BF4B-00C04F79EFBC}") = "adam 1", "adam 1\adam 1.csproj", "{FE6644DF-4484-49FF-B27C-6ACD696CED6C}"
EndProject
Global
	GlobalSection(SolutionConfigurationPlatforms) = preSolution
		Debug|Any CPU = Debug|Any CPU
		Release|Any CPU = Release|Any CPU
	EndGlobalSection
	GlobalSection(ProjectConfigurationPlatforms) = postSolution
		{FE6644DF-4484-49FF-B27C-6ACD696CED6C}.Debug|Any CPU.ActiveCfg = Debug|Any CPU
		{FE6644DF-4484-49FF-B27C-6ACD696CED6C}.Debug|Any CPU.Build.0 = Debug|Any CPU
		{FE6644DF-4484-49FF-B27C-6ACD696CED6C}.Release|Any CPU.ActiveCfg = Release|Any CPU
		{FE6644DF-4484-49FF-B27C-6ACD696CED6C}.Release|Any CPU.Build.0 = Release|Any CPU
	EndGlobalSection
	GlobalSection(SolutionProperties) = preSolution
		HideSolutionNode = FALSE
	EndGlobalSection
	GlobalSection(ExtensibilityGlobals) = postSolution
		SolutionGuid = {17668E7C-EF1A-4CB2-B915-4942190928CD}
	EndGlobalSection
EndGlobal
